{
  "name": "vue-manage-system",
  "version": "5.1.0",
  "lockfileVersion": 1,
  "requires": true,
  "dependencies": {
    "@babel/parser": {
      "version": "7.16.2",
      "resolved": "https://npm.uino.cn/@babel%2fparser/-/parser-7.16.2.tgz",
      "integrity": "sha1-NyPNXI2Hc+75bOV+odm3+qzNEqw="
    },
    "@babel/runtime": {
      "version": "7.16.0",
      "resolved": "https://npm.uino.cn/@babel%2fruntime/-/runtime-7.16.0.tgz",
      "integrity": "sha1-4nuXfy4giLokdIv5m14d7OZOTws=",
      "requires": {
        "regenerator-runtime": "^0.13.4"
      }
    },
    "@babel/runtime-corejs3": {
      "version": "7.16.0",
      "resolved": "https://npm.uino.cn/@babel%2fruntime-corejs3/-/runtime-corejs3-7.16.0.tgz",
      "integrity": "sha1-WKf7AOaUhQjxL1OjA5k+i24vbHA=",
      "requires": {
        "core-js-pure": "^3.19.0",
        "regenerator-runtime": "^0.13.4"
      }
    },
    "@intlify/core-base": {
      "version": "9.1.9",
      "resolved": "https://npm.uino.cn/@intlify%2fcore-base/-/core-base-9.1.9.tgz",
      "integrity": "sha1-5OjJUQEHKOSvOg0T10zz+eet1/Y=",
      "requires": {
        "@intlify/devtools-if": "9.1.9",
        "@intlify/message-compiler": "9.1.9",
        "@intlify/message-resolver": "9.1.9",
        "@intlify/runtime": "9.1.9",
        "@intlify/shared": "9.1.9",
        "@intlify/vue-devtools": "9.1.9"
      }
    },
    "@intlify/devtools-if": {
      "version": "9.1.9",
      "resolved": "https://npm.uino.cn/@intlify%2fdevtools-if/-/devtools-if-9.1.9.tgz",
      "integrity": "sha1-ow4d0SVv8sXJjY110HU4T7qJjl0=",
      "requires": {
        "@intlify/shared": "9.1.9"
      }
    },
    "@intlify/message-compiler": {
      "version": "9.1.9",
      "resolved": "https://npm.uino.cn/@intlify%2fmessage-compiler/-/message-compiler-9.1.9.tgz",
      "integrity": "sha1-EZPL0iSnHC+5gUVbhTSjx2bSlI0=",
      "requires": {
        "@intlify/message-resolver": "9.1.9",
        "@intlify/shared": "9.1.9",
        "source-map": "0.6.1"
      }
    },
    "@intlify/message-resolver": {
      "version": "9.1.9",
      "resolved": "https://npm.uino.cn/@intlify%2fmessage-resolver/-/message-resolver-9.1.9.tgz",
      "integrity": "sha1-MVXM0vXm0NwWyti38djpf82gW/w="
    },
    "@intlify/runtime": {
      "version": "9.1.9",
      "resolved": "https://npm.uino.cn/@intlify%2fruntime/-/runtime-9.1.9.tgz",
      "integrity": "sha1-LBLOKVGKB1Yp7+0KjtKT7nQMsoU=",
      "requires": {
        "@intlify/message-compiler": "9.1.9",
        "@intlify/message-resolver": "9.1.9",
        "@intlify/shared": "9.1.9"
      }
    },
    "@intlify/shared": {
      "version": "9.1.9",
      "resolved": "https://npm.uino.cn/@intlify%2fshared/-/shared-9.1.9.tgz",
      "integrity": "sha1-C6r5YSi4VWBma+x4T/sB9mI8wXo="
    },
    "@intlify/vue-devtools": {
      "version": "9.1.9",
      "resolved": "https://npm.uino.cn/@intlify%2fvue-devtools/-/vue-devtools-9.1.9.tgz",
      "integrity": "sha1-K+j02+f37UEVZ26zI0gUHUEeQms=",
      "requires": {
        "@intlify/message-resolver": "9.1.9",
        "@intlify/runtime": "9.1.9",
        "@intlify/shared": "9.1.9"
      }
    },
    "@popperjs/core": {
      "version": "2.10.2",
      "resolved": "https://npm.uino.cn/@popperjs%2fcore/-/core-2.10.2.tgz",
      "integrity": "sha1-B5jAM1Hw3qGlpMq93yalWny+5ZA="
    },
    "@types/lodash": {
      "version": "4.14.176",
      "resolved": "https://npm.uino.cn/@types%2flodash/-/lodash-4.14.176.tgz",
      "integrity": "sha1-ZBFQ/BzaNvv6Mp3mA7uxddfuIMA="
    },
    "@vitejs/plugin-vue": {
      "version": "1.9.4",
      "resolved": "https://npm.uino.cn/@vitejs%2fplugin-vue/-/plugin-vue-1.9.4.tgz",
      "integrity": "sha1-T0hIVDLLuYap+50lTcM84w3cy/o=",
      "dev": true
    },
    "@vue/compiler-core": {
      "version": "3.2.21",
      "resolved": "https://npm.uino.cn/@vue%2fcompiler-core/-/compiler-core-3.2.21.tgz",
      "integrity": "sha1-JlZsMrKtg4GZ1HHvXfYgqDhG8k4=",
      "requires": {
        "@babel/parser": "^7.15.0",
        "@vue/shared": "3.2.21",
        "estree-walker": "^2.0.2",
        "source-map": "^0.6.1"
      }
    },
    "@vue/compiler-dom": {
      "version": "3.2.21",
      "resolved": "https://npm.uino.cn/@vue%2fcompiler-dom/-/compiler-dom-3.2.21.tgz",
      "integrity": "sha1-1vbIU2TviIj5xOkSK/uhHnj7OYw=",
      "requires": {
        "@vue/compiler-core": "3.2.21",
        "@vue/shared": "3.2.21"
      }
    },
    "@vue/compiler-sfc": {
      "version": "3.2.21",
      "resolved": "https://npm.uino.cn/@vue%2fcompiler-sfc/-/compiler-sfc-3.2.21.tgz",
      "integrity": "sha1-QmOe5J5yWvt9jx0ZQOddwXpWACw=",
      "requires": {
        "@babel/parser": "^7.15.0",
        "@vue/compiler-core": "3.2.21",
        "@vue/compiler-dom": "3.2.21",
        "@vue/compiler-ssr": "3.2.21",
        "@vue/ref-transform": "3.2.21",
        "@vue/shared": "3.2.21",
        "estree-walker": "^2.0.2",
        "magic-string": "^0.25.7",
        "postcss": "^8.1.10",
        "source-map": "^0.6.1"
      }
    },
    "@vue/compiler-ssr": {
      "version": "3.2.21",
      "resolved": "https://npm.uino.cn/@vue%2fcompiler-ssr/-/compiler-ssr-3.2.21.tgz",
      "integrity": "sha1-N9Ek+J6K3vn9VrhXdd5LUxCgQ24=",
      "requires": {
        "@vue/compiler-dom": "3.2.21",
        "@vue/shared": "3.2.21"
      }
    },
    "@vue/devtools-api": {
      "version": "6.0.0-beta.20",
      "resolved": "https://npm.uino.cn/@vue%2fdevtools-api/-/devtools-api-6.0.0-beta.20.tgz",
      "integrity": "sha1-tUBcmoT7RGh9BefEx4VLFjkUEQY="
    },
    "@vue/reactivity": {
      "version": "3.2.21",
      "resolved": "https://npm.uino.cn/@vue%2freactivity/-/reactivity-3.2.21.tgz",
      "integrity": "sha1-BzrRRBku14oH4VHpWjuqUV5AmaI=",
      "requires": {
        "@vue/shared": "3.2.21"
      }
    },
    "@vue/ref-transform": {
      "version": "3.2.21",
      "resolved": "https://npm.uino.cn/@vue%2fref-transform/-/ref-transform-3.2.21.tgz",
      "integrity": "sha1-sMVUyfZAw/AF935nYGaqD6upCYQ=",
      "requires": {
        "@babel/parser": "^7.15.0",
        "@vue/compiler-core": "3.2.21",
        "@vue/shared": "3.2.21",
        "estree-walker": "^2.0.2",
        "magic-string": "^0.25.7"
      }
    },
    "@vue/runtime-core": {
      "version": "3.2.21",
      "resolved": "https://npm.uino.cn/@vue%2fruntime-core/-/runtime-core-3.2.21.tgz",
      "integrity": "sha1-4S2sjDiTt66/w34yBmcY2KpoasU=",
      "requires": {
        "@vue/reactivity": "3.2.21",
        "@vue/shared": "3.2.21"
      }
    },
    "@vue/runtime-dom": {
      "version": "3.2.21",
      "resolved": "https://npm.uino.cn/@vue%2fruntime-dom/-/runtime-dom-3.2.21.tgz",
      "integrity": "sha1-M90VvIUoHncxd6MNxpMcKUvXeqE=",
      "requires": {
        "@vue/runtime-core": "3.2.21",
        "@vue/shared": "3.2.21",
        "csstype": "^2.6.8"
      }
    },
    "@vue/server-renderer": {
      "version": "3.2.21",
      "resolved": "https://npm.uino.cn/@vue%2fserver-renderer/-/server-renderer-3.2.21.tgz",
      "integrity": "sha1-iH0KRN529yMTz/JoaiTAMVIx1jQ=",
      "requires": {
        "@vue/compiler-ssr": "3.2.21",
        "@vue/shared": "3.2.21"
      }
    },
    "@vue/shared": {
      "version": "3.2.21",
      "resolved": "https://npm.uino.cn/@vue%2fshared/-/shared-3.2.21.tgz",
      "integrity": "sha1-TNgMDmLPZaetqyRJ6GtvDLM6Ews="
    },
    "async-validator": {
      "version": "3.5.2",
      "resolved": "https://npm.uino.cn/async-validator/-/async-validator-3.5.2.tgz",
      "integrity": "sha1-aOhmqWgk6LJpT/eoMcGiXETV5QA="
    },
    "axios": {
      "version": "0.21.4",
      "resolved": "https://npm.uino.cn/axios/-/axios-0.21.4.tgz",
      "integrity": "sha1-xnuQ3AVo5cHPKwuFjEO6KOLtpXU=",
      "requires": {
        "follow-redirects": "^1.14.0"
      }
    },
    "core-js-pure": {
      "version": "3.19.1",
      "resolved": "https://npm.uino.cn/core-js-pure/-/core-js-pure-3.19.1.tgz",
      "integrity": "sha1-7f/B/HY0AApVugXpWz8P6Vh6WqQ="
    },
    "cropperjs": {
      "version": "1.5.12",
      "resolved": "https://npm.uino.cn/cropperjs/-/cropperjs-1.5.12.tgz",
      "integrity": "sha1-2cDbK/uMDXadUXOej5FrvEThD1A="
    },
    "csstype": {
      "version": "2.6.18",
      "resolved": "https://npm.uino.cn/csstype/-/csstype-2.6.18.tgz",
      "integrity": "sha1-mAqLUwhfNK8xNBCvBk8r0kF4Qhg="
    },
    "dayjs": {
      "version": "1.10.7",
      "resolved": "https://npm.uino.cn/dayjs/-/dayjs-1.10.7.tgz",
      "integrity": "sha1-LPX5Gt0oEWdIRAhmoKHSbzps5Gg="
    },
    "element-plus": {
      "version": "1.0.2-beta.52",
      "resolved": "https://npm.uino.cn/element-plus/-/element-plus-1.0.2-beta.52.tgz",
      "integrity": "sha1-x+2U1JjjkGWEeKokOLw1JHMlstA=",
      "requires": {
        "@popperjs/core": "^2.4.4",
        "@types/lodash": "^4.14.161",
        "async-validator": "^3.4.0",
        "dayjs": "1.x",
        "lodash": "^4.17.20",
        "mitt": "^2.1.0",
        "normalize-wheel": "^1.0.1",
        "resize-observer-polyfill": "^1.5.1"
      }
    },
    "esbuild": {
      "version": "0.12.29",
      "resolved": "https://npm.uino.cn/esbuild/-/esbuild-0.12.29.tgz",
      "integrity": "sha1-vmAtt8TceJRKnb3g0eoZ02wfiC0=",
      "dev": true
    },
    "estree-walker": {
      "version": "2.0.2",
      "resolved": "https://npm.uino.cn/estree-walker/-/estree-walker-2.0.2.tgz",
      "integrity": "sha1-UvAQF4wqTBF6d1fP6UKtt9LaTKw="
    },
    "follow-redirects": {
      "version": "1.14.5",
      "resolved": "https://npm.uino.cn/follow-redirects/-/follow-redirects-1.14.5.tgz",
      "integrity": "sha1-8JpYSJgdPHcrU5Iwl3hSP42Fw4E="
    },
    "fsevents": {
      "version": "2.3.2",
      "resolved": "https://npm.uino.cn/fsevents/-/fsevents-2.3.2.tgz",
      "integrity": "sha1-ilJveLj99GI7cJ4Ll1xSwkwC/Ro=",
      "dev": true,
      "optional": true
    },
    "function-bind": {
      "version": "1.1.1",
      "resolved": "https://npm.uino.cn/function-bind/-/function-bind-1.1.1.tgz",
      "integrity": "sha512-yIovAzMX49sF8Yl58fSCWJ5svSLuaibPxXQJFLmBObTuCr0Mf1KiPopGM9NiFjiYBCbfaa2Fh6breQ6ANVTI0A==",
      "dev": true
    },
    "has": {
      "version": "1.0.3",
      "resolved": "https://npm.uino.cn/has/-/has-1.0.3.tgz",
      "integrity": "sha512-f2dvO0VU6Oej7RkWJGrehjbzMAjFp5/VKPp5tTpWIV4JHHZK1/BxbFRtf/siA2SWTe09caDmVtYYzWEIbBS4zw==",
      "dev": true,
      "requires": {
        "function-bind": "^1.1.1"
      }
    },
    "is-core-module": {
      "version": "2.8.0",
      "resolved": "https://npm.uino.cn/is-core-module/-/is-core-module-2.8.0.tgz",
      "integrity": "sha1-AyEzbD0JJeSX/Zf12VyxFKXM1Ug=",
      "dev": true,
      "requires": {
        "has": "^1.0.3"
      }
    },
    "lodash": {
      "version": "4.17.21",
      "resolved": "https://npm.uino.cn/lodash/-/lodash-4.17.21.tgz",
      "integrity": "sha1-Z5WRxWTDv/quhFTPCz3zcMPWkRw="
    },
    "magic-string": {
      "version": "0.25.7",
      "resolved": "https://npm.uino.cn/magic-string/-/magic-string-0.25.7.tgz",
      "integrity": "sha512-4CrMT5DOHTDk4HYDlzmwu4FVCcIYI8gauveasrdCu2IKIFOJ3f0v/8MDGJCDL9oD2ppz/Av1b0Nj345H9M+XIA==",
      "requires": {
        "sourcemap-codec": "^1.4.4"
      }
    },
    "mitt": {
      "version": "2.1.0",
      "resolved": "https://npm.uino.cn/mitt/-/mitt-2.1.0.tgz",
      "integrity": "sha1-90BXfCMXbGIFsSGylzUU6t4bIjA="
    },
    "nanoid": {
      "version": "3.1.30",
      "resolved": "https://npm.uino.cn/nanoid/-/nanoid-3.1.30.tgz",
      "integrity": "sha1-Y/k8xUjSoRPcXfvGO/oJ4rm2Q2I="
    },
    "normalize-wheel": {
      "version": "1.0.1",
      "resolved": "https://npm.uino.cn/normalize-wheel/-/normalize-wheel-1.0.1.tgz",
      "integrity": "sha1-rsiGr/2wRQcNhWRH32Ls+GFG7EU="
    },
    "path-parse": {
      "version": "1.0.7",
      "resolved": "https://npm.uino.cn/path-parse/-/path-parse-1.0.7.tgz",
      "integrity": "sha1-+8EUtgykKzDZ2vWFjkvWi77bZzU=",
      "dev": true
    },
    "picocolors": {
      "version": "1.0.0",
      "resolved": "https://npm.uino.cn/picocolors/-/picocolors-1.0.0.tgz",
      "integrity": "sha1-y1vcdP8/UYkiNur3nWi8RFZKuBw="
    },
    "postcss": {
      "version": "8.3.11",
      "resolved": "https://npm.uino.cn/postcss/-/postcss-8.3.11.tgz",
      "integrity": "sha1-w77KfqgRzV4cSj7G0udZnvH4+Fg=",
      "requires": {
        "nanoid": "^3.1.30",
        "picocolors": "^1.0.0",
        "source-map-js": "^0.6.2"
      }
    },
    "regenerator-runtime": {
      "version": "0.13.9",
      "resolved": "https://npm.uino.cn/regenerator-runtime/-/regenerator-runtime-0.13.9.tgz",
      "integrity": "sha1-iSV0Kpj/2QgUmI11Zq0wyjsmO1I="
    },
    "resize-observer-polyfill": {
      "version": "1.5.1",
      "resolved": "https://npm.uino.cn/resize-observer-polyfill/-/resize-observer-polyfill-1.5.1.tgz",
      "integrity": "sha512-LwZrotdHOo12nQuZlHEmtuXdqGoOD0OhaxopaNFxWzInpEgaLWoVuAMbTzixuosCx2nEG58ngzW3vxdWoxIgdg=="
    },
    "resolve": {
      "version": "1.20.0",
      "resolved": "https://npm.uino.cn/resolve/-/resolve-1.20.0.tgz",
      "integrity": "sha1-YpoBP7P3B1XW8LeTXMHCxTeLGXU=",
      "dev": true,
      "requires": {
        "is-core-module": "^2.2.0",
        "path-parse": "^1.0.6"
      }
    },
    "rollup": {
      "version": "2.59.0",
      "resolved": "https://npm.uino.cn/rollup/-/rollup-2.59.0.tgz",
      "integrity": "sha1-EIxhsPoKN+vI0fFk8oFiIFbw21k=",
      "dev": true,
      "requires": {
        "fsevents": "~2.3.2"
      }
    },
    "schart.js": {
      "version": "3.0.0",
      "resolved": "https://npm.uino.cn/schart.js/-/schart.js-3.0.0.tgz",
      "integrity": "sha1-Rb22sRKmA/rgw6rV0v27m4D4bVc="
    },
    "source-map": {
      "version": "0.6.1",
      "resolved": "https://npm.uino.cn/source-map/-/source-map-0.6.1.tgz",
      "integrity": "sha512-UjgapumWlbMhkBgzT7Ykc5YXUT46F0iKu8SGXq0bcwP5dz/h0Plj6enJqjz1Zbq2l5WaqYnrVbwWOWMyF3F47g=="
    },
    "source-map-js": {
      "version": "0.6.2",
      "resolved": "https://npm.uino.cn/source-map-js/-/source-map-js-0.6.2.tgz",
      "integrity": "sha1-C7XeYxtBz72mz7qL0FqA79/SOF4="
    },
    "sourcemap-codec": {
      "version": "1.4.8",
      "resolved": "https://npm.uino.cn/sourcemap-codec/-/sourcemap-codec-1.4.8.tgz",
      "integrity": "sha512-9NykojV5Uih4lgo5So5dtw+f0JgJX30KCNI8gwhz2J9A15wD0Ml6tjHKwf6fTSa6fAdVBdZeNOs9eJ71qCk8vA=="
    },
    "tslib": {
      "version": "2.3.1",
      "resolved": "https://npm.uino.cn/tslib/-/tslib-2.3.1.tgz",
      "integrity": "sha1-6KM1rdXOrlGqJh0ypJAVjvBC7wE="
    },
    "vite": {
      "version": "2.3.7",
      "resolved": "https://npm.uino.cn/vite/-/vite-2.3.7.tgz",
      "integrity": "sha1-MCOJJBk2dGXhrxc5V4+GY9BCQ7I=",
      "dev": true,
      "requires": {
        "esbuild": "^0.12.5",
        "fsevents": "~2.3.1",
        "postcss": "^8.3.0",
        "resolve": "^1.19.0",
        "rollup": "^2.38.5"
      }
    },
    "vue": {
      "version": "3.2.21",
      "resolved": "https://npm.uino.cn/vue/-/vue-3.2.21.tgz",
      "integrity": "sha1-VfVmUXLZXPl+gGuarQo3UYC+I6E=",
      "requires": {
        "@vue/compiler-dom": "3.2.21",
        "@vue/compiler-sfc": "3.2.21",
        "@vue/runtime-dom": "3.2.21",
        "@vue/server-renderer": "3.2.21",
        "@vue/shared": "3.2.21"
      }
    },
    "vue-cropperjs": {
      "version": "5.0.0",
      "resolved": "https://npm.uino.cn/vue-cropperjs/-/vue-cropperjs-5.0.0.tgz",
      "integrity": "sha1-f4y8Rgc3rzgxtN7WNMlZBRmOMp4=",
      "requires": {
        "cropperjs": "^1.5.6"
      }
    },
    "vue-i18n": {
      "version": "9.1.9",
      "resolved": "https://npm.uino.cn/vue-i18n/-/vue-i18n-9.1.9.tgz",
      "integrity": "sha1-y1PgarXMW37tWTMvFRyvSNR76bs=",
      "requires": {
        "@intlify/core-base": "9.1.9",
        "@intlify/shared": "9.1.9",
        "@intlify/vue-devtools": "9.1.9",
        "@vue/devtools-api": "^6.0.0-beta.7"
      }
    },
    "vue-router": {
      "version": "4.0.12",
      "resolved": "https://npm.uino.cn/vue-router/-/vue-router-4.0.12.tgz",
      "integrity": "sha1-jceSzd9bsavMOQj5BkE23n4TxGA=",
      "requires": {
        "@vue/devtools-api": "^6.0.0-beta.18"
      }
    },
    "vue-schart": {
      "version": "2.0.0",
      "resolved": "https://npm.uino.cn/vue-schart/-/vue-schart-2.0.0.tgz",
      "integrity": "sha1-dE8mu788ELxaWEkx4AIzWXCBCQE=",
      "requires": {
        "schart.js": "^3.0.0"
      }
    },
    "vuex": {
      "version": "4.0.2",
      "resolved": "https://npm.uino.cn/vuex/-/vuex-4.0.2.tgz",
      "integrity": "sha1-+Jbb1b8qDpY/AMZ+m2EN50nMrMk=",
      "requires": {
        "@vue/devtools-api": "^6.0.0-beta.11"
      }
    },
    "wangeditor": {
      "version": "4.7.9",
      "resolved": "https://npm.uino.cn/wangeditor/-/wangeditor-4.7.9.tgz",
      "integrity": "sha1-wJIsAzdznVCoMQ/Kwwt6bOI4tQ0=",
      "requires": {
        "@babel/runtime": "^7.11.2",
        "@babel/runtime-corejs3": "^7.11.2",
        "tslib": "^2.1.0"
      }
    }
  }
}
